{
  "name": "marttiphpbb-codemirror",
  "version": "0.3.0",
  "lockfileVersion": 1,
  "requires": true,
  "dependencies": {
    "codemirror": {
      "version": "5.40.2",
      "resolved": "https://registry.npmjs.org/codemirror/-/codemirror-5.40.2.tgz",
      "integrity": "sha512-yoWuvEiD3v5vTwdoMc/wu/Ld6dh9K/yEiEBTKOPGM+/pN0gTAqFNtrLHv1IJ1UJvzFpNRvMi92XCi3+8/iIaEw=="
    },
    "codemirror-colorpicker": {
      "version": "1.9.34",
      "resolved": "https://registry.npmjs.org/codemirror-colorpicker/-/codemirror-colorpicker-1.9.34.tgz",
      "integrity": "sha512-dTNN578Ad7B+HK8Iiiz0Lxqq0OFEoQFTz7knHHPWmacgJOjKuodeFoihzEVW2EWRkFoxTIMzyx3foASYq7gmng=="
    }
  }
}
