{
  "name": "marttiphpbb-codemirror",
  "version": "0.6.0",
  "lockfileVersion": 1,
  "requires": true,
  "dependencies": {
    "codemirror": {
      "version": "5.65.5",
      "resolved": "https://registry.npmjs.org/codemirror/-/codemirror-5.65.5.tgz",
      "integrity": "sha512-HNyhvGLnYz5c+kIsB9QKVitiZUevha3ovbIYaQiGzKo7ECSL/elWD9RXt3JgNr0NdnyqE9/Rc/7uLfkJQL638w=="
    },
    "codemirror-colorpicker": {
      "version": "1.9.80",
      "resolved": "https://registry.npmjs.org/codemirror-colorpicker/-/codemirror-colorpicker-1.9.80.tgz",
      "integrity": "sha512-7lGqNxf5haBJXLnVR1ynPiPkN2d1Whm0jdy8Z9QsSOhRWVyK2C2ihgm1dX4DCks57ht/jKMdpL9lYv+zAphxWQ=="
    }
  }
}
