{
  "name": "marttiphpbb-codemirror",
  "version": "0.6.0",
  "lockfileVersion": 1,
  "requires": true,
  "dependencies": {
    "codemirror": {
      "version": "5.58.2",
      "resolved": "https://registry.npmjs.org/codemirror/-/codemirror-5.58.2.tgz",
      "integrity": "sha512-K/hOh24cCwRutd1Mk3uLtjWzNISOkm4fvXiMO7LucCrqbh6aJDdtqUziim3MZUI6wOY0rvY1SlL1Ork01uMy6w=="
    },
    "codemirror-colorpicker": {
      "version": "1.9.66",
      "resolved": "https://registry.npmjs.org/codemirror-colorpicker/-/codemirror-colorpicker-1.9.66.tgz",
      "integrity": "sha512-wI4qLOzJ49Zs8jyVb/6eDdS02cd7Wi8NUb6QGSG8Ej6zmYbflttlBOLAD9Ywb0b1iSLpD1CV+eht/66f3KrKWg=="
    }
  }
}
